
Microsoft Visual Studio Solution File, Format Version 12.00
# Visual Studio Version 18
VisualStudioVersion = 18.0.11205.157 d18.0
MinimumVisualStudioVersion = 10.0.40219.1
Project("{2150E333-8FDC-42A3-9474-1A3956D46DE8}") = "Services", "Services", "{02EA681E-C7D8-13C7-8484-4AC65E1B71E8}"
EndProject
Project("{2150E333-8FDC-42A3-9474-1A3956D46DE8}") = "Job", "Job", "{810B8FDB-7A10-4FD5-A465-436908F9D318}"
EndProject
Project("{FAE04EC0-301F-11D3-BF4B-00C04F79EFBC}") = "Job.API", "Job.API\Job.API.csproj", "{26CA8205-784A-48C9-BDCF-64F5D6E31FA3}"
EndProject
Project("{2150E333-8FDC-42A3-9474-1A3956D46DE8}") = "BuildingBlocks", "BuildingBlocks", "{F5899E0B-C6C1-4653-9A96-05298656666C}"
EndProject
Project("{FAE04EC0-301F-11D3-BF4B-00C04F79EFBC}") = "BuildingBlocks", "BuildingBlocks\BuildingBlocks\BuildingBlocks.csproj", "{0077577F-32C4-4A44-893F-06DB4462C74D}"
EndProject
Project("{FAE04EC0-301F-11D3-BF4B-00C04F79EFBC}") = "AspireHosting.AppHost", "AspireHosting\AspireHosting.AppHost\AspireHosting.AppHost.csproj", "{8DCA4576-1778-4479-A0DF-E5FD3C213F2C}"
EndProject
Project("{FAE04EC0-301F-11D3-BF4B-00C04F79EFBC}") = "AspireHosting.ServiceDefaults", "AspireHosting\AspireHosting.ServiceDefaults\AspireHosting.ServiceDefaults.csproj", "{9CE23FF0-86F0-CDE9-BF8D-03D2EA26979D}"
EndProject
Global
	GlobalSection(SolutionConfigurationPlatforms) = preSolution
		Debug|Any CPU = Debug|Any CPU
		Release|Any CPU = Release|Any CPU
	EndGlobalSection
	GlobalSection(ProjectConfigurationPlatforms) = postSolution
		{26CA8205-784A-48C9-BDCF-64F5D6E31FA3}.Debug|Any CPU.ActiveCfg = Debug|Any CPU
		{26CA8205-784A-48C9-BDCF-64F5D6E31FA3}.Debug|Any CPU.Build.0 = Debug|Any CPU
		{26CA8205-784A-48C9-BDCF-64F5D6E31FA3}.Release|Any CPU.ActiveCfg = Release|Any CPU
		{26CA8205-784A-48C9-BDCF-64F5D6E31FA3}.Release|Any CPU.Build.0 = Release|Any CPU
		{0077577F-32C4-4A44-893F-06DB4462C74D}.Debug|Any CPU.ActiveCfg = Debug|Any CPU
		{0077577F-32C4-4A44-893F-06DB4462C74D}.Debug|Any CPU.Build.0 = Debug|Any CPU
		{0077577F-32C4-4A44-893F-06DB4462C74D}.Release|Any CPU.ActiveCfg = Release|Any CPU
		{0077577F-32C4-4A44-893F-06DB4462C74D}.Release|Any CPU.Build.0 = Release|Any CPU
		{8DCA4576-1778-4479-A0DF-E5FD3C213F2C}.Debug|Any CPU.ActiveCfg = Debug|Any CPU
		{8DCA4576-1778-4479-A0DF-E5FD3C213F2C}.Debug|Any CPU.Build.0 = Debug|Any CPU
		{8DCA4576-1778-4479-A0DF-E5FD3C213F2C}.Release|Any CPU.ActiveCfg = Release|Any CPU
		{8DCA4576-1778-4479-A0DF-E5FD3C213F2C}.Release|Any CPU.Build.0 = Release|Any CPU
		{9CE23FF0-86F0-CDE9-BF8D-03D2EA26979D}.Debug|Any CPU.ActiveCfg = Debug|Any CPU
		{9CE23FF0-86F0-CDE9-BF8D-03D2EA26979D}.Debug|Any CPU.Build.0 = Debug|Any CPU
		{9CE23FF0-86F0-CDE9-BF8D-03D2EA26979D}.Release|Any CPU.ActiveCfg = Release|Any CPU
		{9CE23FF0-86F0-CDE9-BF8D-03D2EA26979D}.Release|Any CPU.Build.0 = Release|Any CPU
	EndGlobalSection
	GlobalSection(SolutionProperties) = preSolution
		HideSolutionNode = FALSE
	EndGlobalSection
	GlobalSection(NestedProjects) = preSolution
		{810B8FDB-7A10-4FD5-A465-436908F9D318} = {02EA681E-C7D8-13C7-8484-4AC65E1B71E8}
		{26CA8205-784A-48C9-BDCF-64F5D6E31FA3} = {810B8FDB-7A10-4FD5-A465-436908F9D318}
		{0077577F-32C4-4A44-893F-06DB4462C74D} = {F5899E0B-C6C1-4653-9A96-05298656666C}
	EndGlobalSection
	GlobalSection(ExtensibilityGlobals) = postSolution
		SolutionGuid = {13915B75-A92E-4241-A119-B2805F817934}
	EndGlobalSection
EndGlobal
